
Microsoft Visual Studio Solution File, Format Version 12.00
# Visual Studio 14
VisualStudioVersion = 14.0.25420.1
MinimumVisualStudioVersion = 10.0.40219.1
Project("{FAE04EC0-301F-11D3-BF4B-00C04F79EFBC}") = "practise", "practise\practise.csproj", "{DC4EE25C-7D70-40B3-8A8B-A02262A9AAF0}"
EndProject
Global
	GlobalSection(SolutionConfigurationPlatforms) = preSolution
		Debug|Any CPU = Debug|Any CPU
		Release|Any CPU = Release|Any CPU
	EndGlobalSection
	GlobalSection(ProjectConfigurationPlatforms) = postSolution
		{DC4EE25C-7D70-40B3-8A8B-A02262A9AAF0}.Debug|Any CPU.ActiveCfg = Debug|Any CPU
		{DC4EE25C-7D70-40B3-8A8B-A02262A9AAF0}.Debug|Any CPU.Build.0 = Debug|Any CPU
		{DC4EE25C-7D70-40B3-8A8B-A02262A9AAF0}.Release|Any CPU.ActiveCfg = Release|Any CPU
		{DC4EE25C-7D70-40B3-8A8B-A02262A9AAF0}.Release|Any CPU.Build.0 = Release|Any CPU
	EndGlobalSection
	GlobalSection(SolutionProperties) = preSolution
		HideSolutionNode = FALSE
	EndGlobalSection
EndGlobal
